# This file is automatically @generated by Cargo.
# It is not intended for manual editing.
version = 4

[[package]]
name = "cli"
version = "0.1.0"
dependencies = [
 "storage",
 "table",
]

[[package]]
name = "execution"
version = "0.1.0"

[[package]]
name = "sql"
version = "0.1.0"

[[package]]
name = "storage"
version = "0.1.0"

[[package]]
name = "table"
version = "0.1.0"
dependencies = [
 "storage",
]

[[package]]
name = "utils"
version = "0.1.0"
